// !$*UTF8*$!
{
	archiveVersion = 1;
	classes = {
	};
	objectVersion = 50;
	objects = {

/* Begin PBXBuildFile section */
		04A9623D2093204A002626B1 /* AppDelegate.m in Sources */ = {isa = PBXBuildFile; fileRef = 04A9623C2093204A002626B1 /* AppDelegate.m */; };
		04A962402093204A002626B1 /* ViewController.m in Sources */ = {isa = PBXBuildFile; fileRef = 04A9623F2093204A002626B1 /* ViewController.m */; };
		04A962432093204A002626B1 /* Main.storyboard in Resources */ = {isa = PBXBuildFile; fileRef = 04A962412093204A002626B1 /* Main.storyboard */; };
		04A962452093204C002626B1 /* Assets.xcassets in Resources */ = {isa = PBXBuildFile; fileRef = 04A962442093204C002626B1 /* Assets.xcassets */; };
		04A962482093204C002626B1 /* LaunchScreen.storyboard in Resources */ = {isa = PBXBuildFile; fileRef = 04A962462093204C002626B1 /* LaunchScreen.storyboard */; };
		04A9624B2093204C002626B1 /* main.m in Sources */ = {isa = PBXBuildFile; fileRef = 04A9624A2093204C002626B1 /* main.m */; };
		04A962552093204C002626B1 /* e_mailTests.m in Sources */ = {isa = PBXBuildFile; fileRef = 04A962542093204C002626B1 /* e_mailTests.m */; };
		04A962602093204C002626B1 /* e_mailUITests.m in Sources */ = {isa = PBXBuildFile; fileRef = 04A9625F2093204C002626B1 /* e_mailUITests.m */; };
		C75F4AABD002BBF898B1B2E2 /* libPods-e-mail.a in Frameworks */ = {isa = PBXBuildFile; fileRef = C82945CC1DF4A338A3E91615 /* libPods-e-mail.a */; };
/* End PBXBuildFile section */

/* Begin PBXContainerItemProxy section */
		04A962512093204C002626B1 /* PBXContainerItemProxy */ = {
			isa = PBXContainerItemProxy;
			containerPortal = 04A962302093204A002626B1 /* Project object */;
			proxyType = 1;
			remoteGlobalIDString = 04A962372093204A002626B1;
			remoteInfo = "e-mail";
		};
		04A9625C2093204C002626B1 /* PBXContainerItemProxy */ = {
			isa = PBXContainerItemProxy;
			containerPortal = 04A962302093204A002626B1 /* Project object */;
			proxyType = 1;
			remoteGlobalIDString = 04A962372093204A002626B1;
			remoteInfo = "e-mail";
		};
/* End PBXContainerItemProxy section */

/* Begin PBXFileReference section */
		017A0264697500F2DEE1A5AC /* Pods-e-mail.release.xcconfig */ = {isa = PBXFileReference; includeInIndex = 1; lastKnownFileType = text.xcconfig; name = "Pods-e-mail.release.xcconfig"; path = "Pods/Target Support Files/Pods-e-mail/Pods-e-mail.release.xcconfig"; sourceTree = "<group>"; };
		04A962382093204A002626B1 /* e-mail.app */ = {isa = PBXFileReference; explicitFileType = wrapper.application; includeInIndex = 0; path = "e-mail.app"; sourceTree = BUILT_PRODUCTS_DIR; };
		04A9623B2093204A002626B1 /* AppDelegate.h */ = {isa = PBXFileReference; lastKnownFileType = sourcecode.c.h; path = AppDelegate.h; sourceTree = "<group>"; };
		04A9623C2093204A002626B1 /* AppDelegate.m */ = {isa = PBXFileReference; lastKnownFileType = sourcecode.c.objc; path = AppDelegate.m; sourceTree = "<group>"; };
		04A9623E2093204A002626B1 /* ViewController.h */ = {isa = PBXFileReference; lastKnownFileType = sourcecode.c.h; path = ViewController.h; sourceTree = "<group>"; };
		04A9623F2093204A002626B1 /* ViewController.m */ = {isa = PBXFileReference; lastKnownFileType = sourcecode.c.objc; path = ViewController.m; sourceTree = "<group>"; };
		04A962422093204A002626B1 /* Base */ = {isa = PBXFileReference; lastKnownFileType = file.storyboard; name = Base; path = Base.lproj/Main.storyboard; sourceTree = "<group>"; };
		04A962442093204C002626B1 /* Assets.xcassets */ = {isa = PBXFileReference; lastKnownFileType = folder.assetcatalog; path = Assets.xcassets; sourceTree = "<group>"; };
		04A962472093204C002626B1 /* Base */ = {isa = PBXFileReference; lastKnownFileType = file.storyboard; name = Base; path = Base.lproj/LaunchScreen.storyboard; sourceTree = "<group>"; };
		04A962492093204C002626B1 /* Info.plist */ = {isa = PBXFileReference; lastKnownFileType = text.plist.xml; path = Info.plist; sourceTree = "<group>"; };
		04A9624A2093204C002626B1 /* main.m */ = {isa = PBXFileReference; lastKnownFileType = sourcecode.c.objc; path = main.m; sourceTree = "<group>"; };
		04A962502093204C002626B1 /* e-mailTests.xctest */ = {isa = PBXFileReference; explicitFileType = wrapper.cfbundle; includeInIndex = 0; path = "e-mailTests.xctest"; sourceTree = BUILT_PRODUCTS_DIR; };
		04A962542093204C002626B1 /* e_mailTests.m */ = {isa = PBXFileReference; lastKnownFileType = sourcecode.c.objc; path = e_mailTests.m; sourceTree = "<group>"; };
		04A962562093204C002626B1 /* Info.plist */ = {isa = PBXFileReference; lastKnownFileType = text.plist.xml; path = Info.plist; sourceTree = "<group>"; };
		04A9625B2093204C002626B1 /* e-mailUITests.xctest */ = {isa = PBXFileReference; explicitFileType = wrapper.cfbundle; includeInIndex = 0; path = "e-mailUITests.xctest"; sourceTree = BUILT_PRODUCTS_DIR; };
		04A9625F2093204C002626B1 /* e_mailUITests.m */ = {isa = PBXFileReference; lastKnownFileType = sourcecode.c.objc; path = e_mailUITests.m; sourceTree = "<group>"; };
		04A962612093204C002626B1 /* Info.plist */ = {isa = PBXFileReference; lastKnownFileType = text.plist.xml; path = Info.plist; sourceTree = "<group>"; };
		59A786E23A41827FB0837164 /* Pods-e-mail.debug.xcconfig */ = {isa = PBXFileReference; includeInIndex = 1; lastKnownFileType = text.xcconfig; name = "Pods-e-mail.debug.xcconfig"; path = "Pods/Target Support Files/Pods-e-mail/Pods-e-mail.debug.xcconfig"; sourceTree = "<group>"; };
		C82945CC1DF4A338A3E91615 /* libPods-e-mail.a */ = {isa = PBXFileReference; explicitFileType = archive.ar; includeInIndex = 0; path = "libPods-e-mail.a"; sourceTree = BUILT_PRODUCTS_DIR; };
/* End PBXFileReference section */

/* Begin PBXFrameworksBuildPhase section */
		04A962352093204A002626B1 /* Frameworks */ = {
			isa = PBXFrameworksBuildPhase;
			buildActionMask = 2147483647;
			files = (
				C75F4AABD002BBF898B1B2E2 /* libPods-e-mail.a in Frameworks */,
			);
			runOnlyForDeploymentPostprocessing = 0;
		};
		04A9624D2093204C002626B1 /* Frameworks */ = {
			isa = PBXFrameworksBuildPhase;
			buildActionMask = 2147483647;
			files = (
			);
			runOnlyForDeploymentPostprocessing = 0;
		};
		04A962582093204C002626B1 /* Frameworks */ = {
			isa = PBXFrameworksBuildPhase;
			buildActionMask = 2147483647;
			files = (
			);
			runOnlyForDeploymentPostprocessing = 0;
		};
/* End PBXFrameworksBuildPhase section */

/* Begin PBXGroup section */
		04A9622F2093204A002626B1 = {
			isa = PBXGroup;
			children = (
				04A9623A2093204A002626B1 /* e-mail */,
				04A962532093204C002626B1 /* e-mailTests */,
				04A9625E2093204C002626B1 /* e-mailUITests */,
				04A962392093204A002626B1 /* Products */,
				2705E19E5F499FE289FC72F3 /* Pods */,
				8CD11B0F234A83320306B498 /* Frameworks */,
			);
			sourceTree = "<group>";
		};
		04A962392093204A002626B1 /* Products */ = {
			isa = PBXGroup;
			children = (
				04A962382093204A002626B1 /* e-mail.app */,
				04A962502093204C002626B1 /* e-mailTests.xctest */,
				04A9625B2093204C002626B1 /* e-mailUITests.xctest */,
			);
			name = Products;
			sourceTree = "<group>";
		};
		04A9623A2093204A002626B1 /* e-mail */ = {
			isa = PBXGroup;
			children = (
				04A9623B2093204A002626B1 /* AppDelegate.h */,
				04A9623C2093204A002626B1 /* AppDelegate.m */,
				04A9623E2093204A002626B1 /* ViewController.h */,
				04A9623F2093204A002626B1 /* ViewController.m */,
				04A962412093204A002626B1 /* Main.storyboard */,
				04A962442093204C002626B1 /* Assets.xcassets */,
				04A962462093204C002626B1 /* LaunchScreen.storyboard */,
				04A962492093204C002626B1 /* Info.plist */,
				04A9624A2093204C002626B1 /* main.m */,
			);
			path = "e-mail";
			sourceTree = "<group>";
		};
		04A962532093204C002626B1 /* e-mailTests */ = {
			isa = PBXGroup;
			children = (
				04A962542093204C002626B1 /* e_mailTests.m */,
				04A962562093204C002626B1 /* Info.plist */,
			);
			path = "e-mailTests";
			sourceTree = "<group>";
		};
		04A9625E2093204C002626B1 /* e-mailUITests */ = {
			isa = PBXGroup;
			children = (
				04A9625F2093204C002626B1 /* e_mailUITests.m */,
				04A962612093204C002626B1 /* Info.plist */,
			);
			path = "e-mailUITests";
			sourceTree = "<group>";
		};
		2705E19E5F499FE289FC72F3 /* Pods */ = {
			isa = PBXGroup;
			children = (
				59A786E23A41827FB0837164 /* Pods-e-mail.debug.xcconfig */,
				017A0264697500F2DEE1A5AC /* Pods-e-mail.release.xcconfig */,
			);
			name = Pods;
			sourceTree = "<group>";
		};
		8CD11B0F234A83320306B498 /* Frameworks */ = {
			isa = PBXGroup;
			children = (
				C82945CC1DF4A338A3E91615 /* libPods-e-mail.a */,
			);
			name = Frameworks;
			sourceTree = "<group>";
		};
/* End PBXGroup section */

/* Begin PBXNativeTarget section */
		04A962372093204A002626B1 /* e-mail */ = {
			isa = PBXNativeTarget;
			buildConfigurationList = 04A962642093204C002626B1 /* Build configuration list for PBXNativeTarget "e-mail" */;
			buildPhases = (
				21CDF111154704763F299774 /* [CP] Check Pods Manifest.lock */,
				04A962342093204A002626B1 /* Sources */,
				04A962352093204A002626B1 /* Frameworks */,
				04A962362093204A002626B1 /* Resources */,
				1931091B4C7D93BFB4C15737 /* [CP] Embed Pods Frameworks */,
				BEDE1D9A0EBD4F1B41A564B2 /* [CP] Copy Pods Resources */,
			);
			buildRules = (
			);
			dependencies = (
			);
			name = "e-mail";
			productName = "e-mail";
			productReference = 04A962382093204A002626B1 /* e-mail.app */;
			productType = "com.apple.product-type.application";
		};
		04A9624F2093204C002626B1 /* e-mailTests */ = {
			isa = PBXNativeTarget;
			buildConfigurationList = 04A962672093204C002626B1 /* Build configuration list for PBXNativeTarget "e-mailTests" */;
			buildPhases = (
				04A9624C2093204C002626B1 /* Sources */,
				04A9624D2093204C002626B1 /* Frameworks */,
				04A9624E2093204C002626B1 /* Resources */,
			);
			buildRules = (
			);
			dependencies = (
				04A962522093204C002626B1 /* PBXTargetDependency */,
			);
			name = "e-mailTests";
			productName = "e-mailTests";
			productReference = 04A962502093204C002626B1 /* e-mailTests.xctest */;
			productType = "com.apple.product-type.bundle.unit-test";
		};
		04A9625A2093204C002626B1 /* e-mailUITests */ = {
			isa = PBXNativeTarget;
			buildConfigurationList = 04A9626A2093204C002626B1 /* Build configuration list for PBXNativeTarget "e-mailUITests" */;
			buildPhases = (
				04A962572093204C002626B1 /* Sources */,
				04A962582093204C002626B1 /* Frameworks */,
				04A962592093204C002626B1 /* Resources */,
			);
			buildRules = (
			);
			dependencies = (
				04A9625D2093204C002626B1 /* PBXTargetDependency */,
			);
			name = "e-mailUITests";
			productName = "e-mailUITests";
			productReference = 04A9625B2093204C002626B1 /* e-mailUITests.xctest */;
			productType = "com.apple.product-type.bundle.ui-testing";
		};
/* End PBXNativeTarget section */

/* Begin PBXProject section */
		04A962302093204A002626B1 /* Project object */ = {
			isa = PBXProject;
			attributes = {
				LastUpgradeCheck = 0930;
				ORGANIZATIONNAME = mac;
				TargetAttributes = {
					04A962372093204A002626B1 = {
						CreatedOnToolsVersion = 9.3;
					};
					04A9624F2093204C002626B1 = {
						CreatedOnToolsVersion = 9.3;
						TestTargetID = 04A962372093204A002626B1;
					};
					04A9625A2093204C002626B1 = {
						CreatedOnToolsVersion = 9.3;
						TestTargetID = 04A962372093204A002626B1;
					};
				};
			};
			buildConfigurationList = 04A962332093204A002626B1 /* Build configuration list for PBXProject "e-mail" */;
			compatibilityVersion = "Xcode 9.3";
			developmentRegion = en;
			hasScannedForEncodings = 0;
			knownRegions = (
				en,
				Base,
			);
			mainGroup = 04A9622F2093204A002626B1;
			productRefGroup = 04A962392093204A002626B1 /* Products */;
			projectDirPath = "";
			projectRoot = "";
			targets = (
				04A962372093204A002626B1 /* e-mail */,
				04A9624F2093204C002626B1 /* e-mailTests */,
				04A9625A2093204C002626B1 /* e-mailUITests */,
			);
		};
/* End PBXProject section */

/* Begin PBXResourcesBuildPhase section */
		04A962362093204A002626B1 /* Resources */ = {
			isa = PBXResourcesBuildPhase;
			buildActionMask = 2147483647;
			files = (
				04A962482093204C002626B1 /* LaunchScreen.storyboard in Resources */,
				04A962452093204C002626B1 /* Assets.xcassets in Resources */,
				04A962432093204A002626B1 /* Main.storyboard in Resources */,
			);
			runOnlyForDeploymentPostprocessing = 0;
		};
		04A9624E2093204C002626B1 /* Resources */ = {
			isa = PBXResourcesBuildPhase;
			buildActionMask = 2147483647;
			files = (
			);
			runOnlyForDeploymentPostprocessing = 0;
		};
		04A962592093204C002626B1 /* Resources */ = {
			isa = PBXResourcesBuildPhase;
			buildActionMask = 2147483647;
			files = (
			);
			runOnlyForDeploymentPostprocessing = 0;
		};
/* End PBXResourcesBuildPhase section */

/* Begin PBXShellScriptBuildPhase section */
		1931091B4C7D93BFB4C15737 /* [CP] Embed Pods Frameworks */ = {
			isa = PBXShellScriptBuildPhase;
			buildActionMask = 2147483647;
			files = (
			);
			inputPaths = (
			);
			name = "[CP] Embed Pods Frameworks";
			outputPaths = (
			);
			runOnlyForDeploymentPostprocessing = 0;
			shellPath = /bin/sh;
			shellScript = "\"${SRCROOT}/Pods/Target Support Files/Pods-e-mail/Pods-e-mail-frameworks.sh\"\n";
			showEnvVarsInLog = 0;
		};
		21CDF111154704763F299774 /* [CP] Check Pods Manifest.lock */ = {
			isa = PBXShellScriptBuildPhase;
			buildActionMask = 2147483647;
			files = (
			);
			inputPaths = (
				"${PODS_PODFILE_DIR_PATH}/Podfile.lock",
				"${PODS_ROOT}/Manifest.lock",
			);
			name = "[CP] Check Pods Manifest.lock";
			outputPaths = (
				"$(DERIVED_FILE_DIR)/Pods-e-mail-checkManifestLockResult.txt",
			);
			runOnlyForDeploymentPostprocessing = 0;
			shellPath = /bin/sh;
			shellScript = "diff \"${PODS_PODFILE_DIR_PATH}/Podfile.lock\" \"${PODS_ROOT}/Manifest.lock\" > /dev/null\nif [ $? != 0 ] ; then\n    # print error to STDERR\n    echo \"error: The sandbox is not in sync with the Podfile.lock. Run 'pod install' or update your CocoaPods installation.\" >&2\n    exit 1\nfi\n# This output is used by Xcode 'outputs' to avoid re-running this script phase.\necho \"SUCCESS\" > \"${SCRIPT_OUTPUT_FILE_0}\"\n";
			showEnvVarsInLog = 0;
		};
		BEDE1D9A0EBD4F1B41A564B2 /* [CP] Copy Pods Resources */ = {
			isa = PBXShellScriptBuildPhase;
			buildActionMask = 2147483647;
			files = (
			);
			inputPaths = (
			);
			name = "[CP] Copy Pods Resources";
			outputPaths = (
			);
			runOnlyForDeploymentPostprocessing = 0;
			shellPath = /bin/sh;
			shellScript = "\"${SRCROOT}/Pods/Target Support Files/Pods-e-mail/Pods-e-mail-resources.sh\"\n";
			showEnvVarsInLog = 0;
		};
/* End PBXShellScriptBuildPhase section */

/* Begin PBXSourcesBuildPhase section */
		04A962342093204A002626B1 /* Sources */ = {
			isa = PBXSourcesBuildPhase;
			buildActionMask = 2147483647;
			files = (
				04A962402093204A002626B1 /* ViewController.m in Sources */,
				04A9624B2093204C002626B1 /* main.m in Sources */,
				04A9623D2093204A002626B1 /* AppDelegate.m in Sources */,
			);
			runOnlyForDeploymentPostprocessing = 0;
		};
		04A9624C2093204C002626B1 /* Sources */ = {
			isa = PBXSourcesBuildPhase;
			buildActionMask = 2147483647;
			files = (
				04A962552093204C002626B1 /* e_mailTests.m in Sources */,
			);
			runOnlyForDeploymentPostprocessing = 0;
		};
		04A962572093204C002626B1 /* Sources */ = {
			isa = PBXSourcesBuildPhase;
			buildActionMask = 2147483647;
			files = (
				04A962602093204C002626B1 /* e_mailUITests.m in Sources */,
			);
			runOnlyForDeploymentPostprocessing = 0;
		};
/* End PBXSourcesBuildPhase section */

/* Begin PBXTargetDependency section */
		04A962522093204C002626B1 /* PBXTargetDependency */ = {
			isa = PBXTargetDependency;
			target = 04A962372093204A002626B1 /* e-mail */;
			targetProxy = 04A962512093204C002626B1 /* PBXContainerItemProxy */;
		};
		04A9625D2093204C002626B1 /* PBXTargetDependency */ = {
			isa = PBXTargetDependency;
			target = 04A962372093204A002626B1 /* e-mail */;
			targetProxy = 04A9625C2093204C002626B1 /* PBXContainerItemProxy */;
		};
/* End PBXTargetDependency section */

/* Begin PBXVariantGroup section */
		04A962412093204A002626B1 /* Main.storyboard */ = {
			isa = PBXVariantGroup;
			children = (
				04A962422093204A002626B1 /* Base */,
			);
			name = Main.storyboard;
			sourceTree = "<group>";
		};
		04A962462093204C002626B1 /* LaunchScreen.storyboard */ = {
			isa = PBXVariantGroup;
			children = (
				04A962472093204C002626B1 /* Base */,
			);
			name = LaunchScreen.storyboard;
			sourceTree = "<group>";
		};
/* End PBXVariantGroup section */

/* Begin XCBuildConfiguration section */
		04A962622093204C002626B1 /* Debug */ = {
			isa = XCBuildConfiguration;
			buildSettings = {
				ALWAYS_SEARCH_USER_PATHS = NO;
				CLANG_ANALYZER_NONNULL = YES;
				CLANG_ANALYZER_NUMBER_OBJECT_CONVERSION = YES_AGGRESSIVE;
				CLANG_CXX_LANGUAGE_STANDARD = "gnu++14";
				CLANG_CXX_LIBRARY = "libc++";
				CLANG_ENABLE_MODULES = YES;
				CLANG_ENABLE_OBJC_ARC = YES;
				CLANG_ENABLE_OBJC_WEAK = YES;
				CLANG_WARN_BLOCK_CAPTURE_AUTORELEASING = YES;
				CLANG_WARN_BOOL_CONVERSION = YES;
				CLANG_WARN_COMMA = YES;
				CLANG_WARN_CONSTANT_CONVERSION = YES;
				CLANG_WARN_DEPRECATED_OBJC_IMPLEMENTATIONS = YES;
				CLANG_WARN_DIRECT_OBJC_ISA_USAGE = YES_ERROR;
				CLANG_WARN_DOCUMENTATION_COMMENTS = YES;
				CLANG_WARN_EMPTY_BODY = YES;
				CLANG_WARN_ENUM_CONVERSION = YES;
				CLANG_WARN_INFINITE_RECURSION = YES;
				CLANG_WARN_INT_CONVERSION = YES;
				CLANG_WARN_NON_LITERAL_NULL_CONVERSION = YES;
				CLANG_WARN_OBJC_IMPLICIT_RETAIN_SELF = YES;
				CLANG_WARN_OBJC_LITERAL_CONVERSION = YES;
				CLANG_WARN_OBJC_ROOT_CLASS = YES_ERROR;
				CLANG_WARN_RANGE_LOOP_ANALYSIS = YES;
				CLANG_WARN_STRICT_PROTOTYPES = YES;
				CLANG_WARN_SUSPICIOUS_MOVE = YES;
				CLANG_WARN_UNGUARDED_AVAILABILITY = YES_AGGRESSIVE;
				CLANG_WARN_UNREACHABLE_CODE = YES;
				CLANG_WARN__DUPLICATE_METHOD_MATCH = YES;
				CODE_SIGN_IDENTITY = "iPhone Developer";
				COPY_PHASE_STRIP = NO;
				DEBUG_INFORMATION_FORMAT = dwarf;
				ENABLE_STRICT_OBJC_MSGSEND = YES;
				ENABLE_TESTABILITY = YES;
				GCC_C_LANGUAGE_STANDARD = gnu11;
				GCC_DYNAMIC_NO_PIC = NO;
				GCC_NO_COMMON_BLOCKS = YES;
				GCC_OPTIMIZATION_LEVEL = 0;
				GCC_PREPROCESSOR_DEFINITIONS = (
					"DEBUG=1",
					"$(inherited)",
				);
				GCC_WARN_64_TO_32_BIT_CONVERSION = YES;
				GCC_WARN_ABOUT_RETURN_TYPE = YES_ERROR;
				GCC_WARN_UNDECLARED_SELECTOR = YES;
				GCC_WARN_UNINITIALIZED_AUTOS = YES_AGGRESSIVE;
				GCC_WARN_UNUSED_FUNCTION = YES;
				GCC_WARN_UNUSED_VARIABLE = YES;
				IPHONEOS_DEPLOYMENT_TARGET = 11.3;
				MTL_ENABLE_DEBUG_INFO = YES;
				ONLY_ACTIVE_ARCH = YES;
				SDKROOT = iphoneos;
			};
			name = Debug;
		};
		04A962632093204C002626B1 /* Release */ = {
			isa = XCBuildConfiguration;
			buildSettings = {
				ALWAYS_SEARCH_USER_PATHS = NO;
				CLANG_ANALYZER_NONNULL = YES;
				CLANG_ANALYZER_NUMBER_OBJECT_CONVERSION = YES_AGGRESSIVE;
				CLANG_CXX_LANGUAGE_STANDARD = "gnu++14";
				CLANG_CXX_LIBRARY = "libc++";
				CLANG_ENABLE_MODULES = YES;
				CLANG_ENABLE_OBJC_ARC = YES;
				CLANG_ENABLE_OBJC_WEAK = YES;
				CLANG_WARN_BLOCK_CAPTURE_AUTORELEASING = YES;
				CLANG_WARN_BOOL_CONVERSION = YES;
				CLANG_WARN_COMMA = YES;
				CLANG_WARN_CONSTANT_CONVERSION = YES;
				CLANG_WARN_DEPRECATED_OBJC_IMPLEMENTATIONS = YES;
				CLANG_WARN_DIRECT_OBJC_ISA_USAGE = YES_ERROR;
				CLANG_WARN_DOCUMENTATION_COMMENTS = YES;
				CLANG_WARN_EMPTY_BODY = YES;
				CLANG_WARN_ENUM_CONVERSION = YES;
				CLANG_WARN_INFINITE_RECURSION = YES;
				CLANG_WARN_INT_CONVERSION = YES;
				CLANG_WARN_NON_LITERAL_NULL_CONVERSION = YES;
				CLANG_WARN_OBJC_IMPLICIT_RETAIN_SELF = YES;
				CLANG_WARN_OBJC_LITERAL_CONVERSION = YES;
				CLANG_WARN_OBJC_ROOT_CLASS = YES_ERROR;
				CLANG_WARN_RANGE_LOOP_ANALYSIS = YES;
				CLANG_WARN_STRICT_PROTOTYPES = YES;
				CLANG_WARN_SUSPICIOUS_MOVE = YES;
				CLANG_WARN_UNGUARDED_AVAILABILITY = YES_AGGRESSIVE;
				CLANG_WARN_UNREACHABLE_CODE = YES;
				CLANG_WARN__DUPLICATE_METHOD_MATCH = YES;
				CODE_SIGN_IDENTITY = "iPhone Developer";
				COPY_PHASE_STRIP = NO;
				DEBUG_INFORMATION_FORMAT = "dwarf-with-dsym";
				ENABLE_NS_ASSERTIONS = NO;
				ENABLE_STRICT_OBJC_MSGSEND = YES;
				GCC_C_LANGUAGE_STANDARD = gnu11;
				GCC_NO_COMMON_BLOCKS = YES;
				GCC_WARN_64_TO_32_BIT_CONVERSION = YES;
				GCC_WARN_ABOUT_RETURN_TYPE = YES_ERROR;
				GCC_WARN_UNDECLARED_SELECTOR = YES;
				GCC_WARN_UNINITIALIZED_AUTOS = YES_AGGRESSIVE;
				GCC_WARN_UNUSED_FUNCTION = YES;
				GCC_WARN_UNUSED_VARIABLE = YES;
				IPHONEOS_DEPLOYMENT_TARGET = 11.3;
				MTL_ENABLE_DEBUG_INFO = NO;
				SDKROOT = iphoneos;
				VALIDATE_PRODUCT = YES;
			};
			name = Release;
		};
		04A962652093204C002626B1 /* Debug */ = {
			isa = XCBuildConfiguration;
			baseConfigurationReference = 59A786E23A41827FB0837164 /* Pods-e-mail.debug.xcconfig */;
			buildSettings = {
				ASSETCATALOG_COMPILER_APPICON_NAME = AppIcon;
				CODE_SIGN_STYLE = Automatic;
				DEVELOPMENT_TEAM = XU7WM984TP;
				INFOPLIST_FILE = "e-mail/Info.plist";
				IPHONEOS_DEPLOYMENT_TARGET = 8.0;
				LD_RUNPATH_SEARCH_PATHS = "$(inherited) @executable_path/Frameworks";
				PRODUCT_BUNDLE_IDENTIFIER = "mbl.e-mail";
				PRODUCT_NAME = "$(TARGET_NAME)";
				TARGETED_DEVICE_FAMILY = "1,2";
			};
			name = Debug;
		};
		04A962662093204C002626B1 /* Release */ = {
			isa = XCBuildConfiguration;
			baseConfigurationReference = 017A0264697500F2DEE1A5AC /* Pods-e-mail.release.xcconfig */;
			buildSettings = {
				ASSETCATALOG_COMPILER_APPICON_NAME = AppIcon;
				CODE_SIGN_STYLE = Automatic;
				DEVELOPMENT_TEAM = XU7WM984TP;
				INFOPLIST_FILE = "e-mail/Info.plist";
				IPHONEOS_DEPLOYMENT_TARGET = 8.0;
				LD_RUNPATH_SEARCH_PATHS = "$(inherited) @executable_path/Frameworks";
				PRODUCT_BUNDLE_IDENTIFIER = "mbl.e-mail";
				PRODUCT_NAME = "$(TARGET_NAME)";
				TARGETED_DEVICE_FAMILY = "1,2";
			};
			name = Release;
		};
		04A962682093204C002626B1 /* Debug */ = {
			isa = XCBuildConfiguration;
			buildSettings = {
				BUNDLE_LOADER = "$(TEST_HOST)";
				CODE_SIGN_STYLE = Automatic;
				DEVELOPMENT_TEAM = XU7WM984TP;
				INFOPLIST_FILE = "e-mailTests/Info.plist";
				LD_RUNPATH_SEARCH_PATHS = "$(inherited) @executable_path/Frameworks @loader_path/Frameworks";
				PRODUCT_BUNDLE_IDENTIFIER = "mbl.e-mailTests";
				PRODUCT_NAME = "$(TARGET_NAME)";
				TARGETED_DEVICE_FAMILY = "1,2";
				TEST_HOST = "$(BUILT_PRODUCTS_DIR)/e-mail.app/e-mail";
			};
			name = Debug;
		};
		04A962692093204C002626B1 /* Release */ = {
			isa = XCBuildConfiguration;
			buildSettings = {
				BUNDLE_LOADER = "$(TEST_HOST)";
				CODE_SIGN_STYLE = Automatic;
				DEVELOPMENT_TEAM = XU7WM984TP;
				INFOPLIST_FILE = "e-mailTests/Info.plist";
				LD_RUNPATH_SEARCH_PATHS = "$(inherited) @executable_path/Frameworks @loader_path/Frameworks";
				PRODUCT_BUNDLE_IDENTIFIER = "mbl.e-mailTests";
				PRODUCT_NAME = "$(TARGET_NAME)";
				TARGETED_DEVICE_FAMILY = "1,2";
				TEST_HOST = "$(BUILT_PRODUCTS_DIR)/e-mail.app/e-mail";
			};
			name = Release;
		};
		04A9626B2093204C002626B1 /* Debug */ = {
			isa = XCBuildConfiguration;
			buildSettings = {
				CODE_SIGN_STYLE = Automatic;
				DEVELOPMENT_TEAM = XU7WM984TP;
				INFOPLIST_FILE = "e-mailUITests/Info.plist";
				LD_RUNPATH_SEARCH_PATHS = "$(inherited) @executable_path/Frameworks @loader_path/Frameworks";
				PRODUCT_BUNDLE_IDENTIFIER = "mbl.e-mailUITests";
				PRODUCT_NAME = "$(TARGET_NAME)";
				TARGETED_DEVICE_FAMILY = "1,2";
				TEST_TARGET_NAME = "e-mail";
			};
			name = Debug;
		};
		04A9626C2093204C002626B1 /* Release */ = {
			isa = XCBuildConfiguration;
			buildSettings = {
				CODE_SIGN_STYLE = Automatic;
				DEVELOPMENT_TEAM = XU7WM984TP;
				INFOPLIST_FILE = "e-mailUITests/Info.plist";
				LD_RUNPATH_SEARCH_PATHS = "$(inherited) @executable_path/Frameworks @loader_path/Frameworks";
				PRODUCT_BUNDLE_IDENTIFIER = "mbl.e-mailUITests";
				PRODUCT_NAME = "$(TARGET_NAME)";
				TARGETED_DEVICE_FAMILY = "1,2";
				TEST_TARGET_NAME = "e-mail";
			};
			name = Release;
		};
/* End XCBuildConfiguration section */

/* Begin XCConfigurationList section */
		04A962332093204A002626B1 /* Build configuration list for PBXProject "e-mail" */ = {
			isa = XCConfigurationList;
			buildConfigurations = (
				04A962622093204C002626B1 /* Debug */,
				04A962632093204C002626B1 /* Release */,
			);
			defaultConfigurationIsVisible = 0;
			defaultConfigurationName = Release;
		};
		04A962642093204C002626B1 /* Build configuration list for PBXNativeTarget "e-mail" */ = {
			isa = XCConfigurationList;
			buildConfigurations = (
				04A962652093204C002626B1 /* Debug */,
				04A962662093204C002626B1 /* Release */,
			);
			defaultConfigurationIsVisible = 0;
			defaultConfigurationName = Release;
		};
		04A962672093204C002626B1 /* Build configuration list for PBXNativeTarget "e-mailTests" */ = {
			isa = XCConfigurationList;
			buildConfigurations = (
				04A962682093204C002626B1 /* Debug */,
				04A962692093204C002626B1 /* Release */,
			);
			defaultConfigurationIsVisible = 0;
			defaultConfigurationName = Release;
		};
		04A9626A2093204C002626B1 /* Build configuration list for PBXNativeTarget "e-mailUITests" */ = {
			isa = XCConfigurationList;
			buildConfigurations = (
				04A9626B2093204C002626B1 /* Debug */,
				04A9626C2093204C002626B1 /* Release */,
			);
			defaultConfigurationIsVisible = 0;
			defaultConfigurationName = Release;
		};
/* End XCConfigurationList section */
	};
	rootObject = 04A962302093204A002626B1 /* Project object */;
}
